
Microsoft Visual Studio Solution File, Format Version 12.00
# Visual Studio 15
VisualStudioVersion = 15.0.28307.572
MinimumVisualStudioVersion = 10.0.40219.1
Project("{FAE04EC0-301F-11D3-BF4B-00C04F79EFBC}") = "CapaPresentacion", "CapaPresentacion\CapaPresentacion.csproj", "{72A7BB1B-C75F-4B48-934F-A432C9E308AC}"
EndProject
Project("{FAE04EC0-301F-11D3-BF4B-00C04F79EFBC}") = "Negocio", "Negocio\Negocio.csproj", "{9B9B2C6E-E039-413A-8225-FFAD1EB4F35C}"
EndProject
Project("{FAE04EC0-301F-11D3-BF4B-00C04F79EFBC}") = "Persistencia", "Persistencia\Persistencia.csproj", "{31877CC5-8BDF-4A45-B5BB-D03B48855F9B}"
EndProject
Project("{FAE04EC0-301F-11D3-BF4B-00C04F79EFBC}") = "Entidades", "Entidades\Entidades.csproj", "{1EFB9926-BBBA-46EF-BD9D-4BBCFF3E144C}"
EndProject
Global
	GlobalSection(SolutionConfigurationPlatforms) = preSolution
		Debug|Any CPU = Debug|Any CPU
		Release|Any CPU = Release|Any CPU
	EndGlobalSection
	GlobalSection(ProjectConfigurationPlatforms) = postSolution
		{72A7BB1B-C75F-4B48-934F-A432C9E308AC}.Debug|Any CPU.ActiveCfg = Debug|Any CPU
		{72A7BB1B-C75F-4B48-934F-A432C9E308AC}.Debug|Any CPU.Build.0 = Debug|Any CPU
		{72A7BB1B-C75F-4B48-934F-A432C9E308AC}.Release|Any CPU.ActiveCfg = Release|Any CPU
		{72A7BB1B-C75F-4B48-934F-A432C9E308AC}.Release|Any CPU.Build.0 = Release|Any CPU
		{9B9B2C6E-E039-413A-8225-FFAD1EB4F35C}.Debug|Any CPU.ActiveCfg = Debug|Any CPU
		{9B9B2C6E-E039-413A-8225-FFAD1EB4F35C}.Debug|Any CPU.Build.0 = Debug|Any CPU
		{9B9B2C6E-E039-413A-8225-FFAD1EB4F35C}.Release|Any CPU.ActiveCfg = Release|Any CPU
		{9B9B2C6E-E039-413A-8225-FFAD1EB4F35C}.Release|Any CPU.Build.0 = Release|Any CPU
		{31877CC5-8BDF-4A45-B5BB-D03B48855F9B}.Debug|Any CPU.ActiveCfg = Debug|Any CPU
		{31877CC5-8BDF-4A45-B5BB-D03B48855F9B}.Debug|Any CPU.Build.0 = Debug|Any CPU
		{31877CC5-8BDF-4A45-B5BB-D03B48855F9B}.Release|Any CPU.ActiveCfg = Release|Any CPU
		{31877CC5-8BDF-4A45-B5BB-D03B48855F9B}.Release|Any CPU.Build.0 = Release|Any CPU
		{1EFB9926-BBBA-46EF-BD9D-4BBCFF3E144C}.Debug|Any CPU.ActiveCfg = Debug|Any CPU
		{1EFB9926-BBBA-46EF-BD9D-4BBCFF3E144C}.Debug|Any CPU.Build.0 = Debug|Any CPU
		{1EFB9926-BBBA-46EF-BD9D-4BBCFF3E144C}.Release|Any CPU.ActiveCfg = Release|Any CPU
		{1EFB9926-BBBA-46EF-BD9D-4BBCFF3E144C}.Release|Any CPU.Build.0 = Release|Any CPU
	EndGlobalSection
	GlobalSection(SolutionProperties) = preSolution
		HideSolutionNode = FALSE
	EndGlobalSection
	GlobalSection(ExtensibilityGlobals) = postSolution
		SolutionGuid = {D91C1F2F-2126-4B71-BFA3-048A7E3A22C4}
	EndGlobalSection
EndGlobal
