
Microsoft Visual Studio Solution File, Format Version 12.00
# Visual Studio 15
VisualStudioVersion = 15.0.28307.572
MinimumVisualStudioVersion = 10.0.40219.1
Project("{FAE04EC0-301F-11D3-BF4B-00C04F79EFBC}") = "EnaJamesonMichel", "EnaJamesonMichel\EnaJamesonMichel.csproj", "{E53819FD-FBDE-4E8D-A426-EE98423DBD6E}"
EndProject
Project("{FAE04EC0-301F-11D3-BF4B-00C04F79EFBC}") = "CapaEntidad", "CapaEntidad\CapaEntidad.csproj", "{505BE671-F907-4BAE-94E4-110DB537FBA7}"
EndProject
Global
	GlobalSection(SolutionConfigurationPlatforms) = preSolution
		Debug|Any CPU = Debug|Any CPU
		Release|Any CPU = Release|Any CPU
	EndGlobalSection
	GlobalSection(ProjectConfigurationPlatforms) = postSolution
		{E53819FD-FBDE-4E8D-A426-EE98423DBD6E}.Debug|Any CPU.ActiveCfg = Debug|Any CPU
		{E53819FD-FBDE-4E8D-A426-EE98423DBD6E}.Debug|Any CPU.Build.0 = Debug|Any CPU
		{E53819FD-FBDE-4E8D-A426-EE98423DBD6E}.Release|Any CPU.ActiveCfg = Release|Any CPU
		{E53819FD-FBDE-4E8D-A426-EE98423DBD6E}.Release|Any CPU.Build.0 = Release|Any CPU
		{505BE671-F907-4BAE-94E4-110DB537FBA7}.Debug|Any CPU.ActiveCfg = Debug|Any CPU
		{505BE671-F907-4BAE-94E4-110DB537FBA7}.Debug|Any CPU.Build.0 = Debug|Any CPU
		{505BE671-F907-4BAE-94E4-110DB537FBA7}.Release|Any CPU.ActiveCfg = Release|Any CPU
		{505BE671-F907-4BAE-94E4-110DB537FBA7}.Release|Any CPU.Build.0 = Release|Any CPU
	EndGlobalSection
	GlobalSection(SolutionProperties) = preSolution
		HideSolutionNode = FALSE
	EndGlobalSection
	GlobalSection(ExtensibilityGlobals) = postSolution
		SolutionGuid = {FBAC8701-1E8B-4CF9-B4DC-A5D2830C9959}
	EndGlobalSection
EndGlobal
