
Microsoft Visual Studio Solution File, Format Version 12.00
# Visual Studio 15
VisualStudioVersion = 15.0.28307.271
MinimumVisualStudioVersion = 10.0.40219.1
Project("{FAE04EC0-301F-11D3-BF4B-00C04F79EFBC}") = "DemoApplication", "DemoApplication\DemoApplication.csproj", "{FBDE9072-BA50-41D2-A5EC-922C5E1D0C6C}"
EndProject
Global
	GlobalSection(SolutionConfigurationPlatforms) = preSolution
		Debug|Any CPU = Debug|Any CPU
		Release|Any CPU = Release|Any CPU
	EndGlobalSection
	GlobalSection(ProjectConfigurationPlatforms) = postSolution
		{FBDE9072-BA50-41D2-A5EC-922C5E1D0C6C}.Debug|Any CPU.ActiveCfg = Debug|Any CPU
		{FBDE9072-BA50-41D2-A5EC-922C5E1D0C6C}.Debug|Any CPU.Build.0 = Debug|Any CPU
		{FBDE9072-BA50-41D2-A5EC-922C5E1D0C6C}.Release|Any CPU.ActiveCfg = Release|Any CPU
		{FBDE9072-BA50-41D2-A5EC-922C5E1D0C6C}.Release|Any CPU.Build.0 = Release|Any CPU
	EndGlobalSection
	GlobalSection(SolutionProperties) = preSolution
		HideSolutionNode = FALSE
	EndGlobalSection
	GlobalSection(ExtensibilityGlobals) = postSolution
		SolutionGuid = {06349C64-77B2-4A9F-B9F3-897B5C6C9A11}
	EndGlobalSection
EndGlobal
