
Microsoft Visual Studio Solution File, Format Version 12.00
# Visual Studio 15
VisualStudioVersion = 15.0.28307.271
MinimumVisualStudioVersion = 10.0.40219.1
Project("{FAE04EC0-301F-11D3-BF4B-00C04F79EFBC}") = "webservice.asmx", "webservice.asmx\webservice.asmx.csproj", "{F2BB87A9-6BBA-47E4-8FD3-508A705553B1}"
EndProject
Global
	GlobalSection(SolutionConfigurationPlatforms) = preSolution
		Debug|Any CPU = Debug|Any CPU
		Release|Any CPU = Release|Any CPU
	EndGlobalSection
	GlobalSection(ProjectConfigurationPlatforms) = postSolution
		{F2BB87A9-6BBA-47E4-8FD3-508A705553B1}.Debug|Any CPU.ActiveCfg = Debug|Any CPU
		{F2BB87A9-6BBA-47E4-8FD3-508A705553B1}.Debug|Any CPU.Build.0 = Debug|Any CPU
		{F2BB87A9-6BBA-47E4-8FD3-508A705553B1}.Release|Any CPU.ActiveCfg = Release|Any CPU
		{F2BB87A9-6BBA-47E4-8FD3-508A705553B1}.Release|Any CPU.Build.0 = Release|Any CPU
	EndGlobalSection
	GlobalSection(SolutionProperties) = preSolution
		HideSolutionNode = FALSE
	EndGlobalSection
	GlobalSection(ExtensibilityGlobals) = postSolution
		SolutionGuid = {FA2D11CD-B9E8-4B7C-8D15-30926C1BB0B3}
	EndGlobalSection
EndGlobal
