
Microsoft Visual Studio Solution File, Format Version 12.00
# Visual Studio 15
VisualStudioVersion = 15.0.28307.572
MinimumVisualStudioVersion = 10.0.40219.1
Project("{FAE04EC0-301F-11D3-BF4B-00C04F79EFBC}") = "asp.netexample", "asp.netexample\asp.netexample.csproj", "{59EFC396-0433-4A82-8A3D-C7B0160383BC}"
EndProject
Global
	GlobalSection(SolutionConfigurationPlatforms) = preSolution
		Debug|Any CPU = Debug|Any CPU
		Release|Any CPU = Release|Any CPU
	EndGlobalSection
	GlobalSection(ProjectConfigurationPlatforms) = postSolution
		{59EFC396-0433-4A82-8A3D-C7B0160383BC}.Debug|Any CPU.ActiveCfg = Debug|Any CPU
		{59EFC396-0433-4A82-8A3D-C7B0160383BC}.Debug|Any CPU.Build.0 = Debug|Any CPU
		{59EFC396-0433-4A82-8A3D-C7B0160383BC}.Release|Any CPU.ActiveCfg = Release|Any CPU
		{59EFC396-0433-4A82-8A3D-C7B0160383BC}.Release|Any CPU.Build.0 = Release|Any CPU
	EndGlobalSection
	GlobalSection(SolutionProperties) = preSolution
		HideSolutionNode = FALSE
	EndGlobalSection
	GlobalSection(ExtensibilityGlobals) = postSolution
		SolutionGuid = {092B4170-6C7E-462D-B07C-5493FD25F9BB}
	EndGlobalSection
EndGlobal
